{
  "meteor": {},
  "dependencies": {
    "basePackages": {
      "iron-router": {},
      "accounts-entry": {},
      "handlebars-server": {},
      "minimongoid": {},
      "simple-form": {
        "path": "../simple-form"
      },
      "timeago": {}
    },
    "packages": {
      "iron-router": {
        "git": "https://github.com/EventedMind/iron-router.git",
        "tag": "v0.6.2",
        "commit": "ce56e58b45624dce992490f3a1c10f10d3948bae"
      },
      "accounts-entry": {
        "git": "https://github.com/BeDifferential/accounts-entry.git",
        "tag": "v0.5.1",
        "commit": "b8b44fbefbc5998f4cd612c98c1e892be7d37bb3"
      },
      "handlebars-server": {
        "git": "https://github.com/EventedMind/meteor-handlebars-server.git",
        "tag": "v1.1.0",
        "commit": "ed99c8e9280894519f44a5b4c84f66ff596c5450"
      },
      "minimongoid": {
        "git": "https://github.com/Exygy/minimongoid.git",
        "tag": "v0.8.3",
        "commit": "8a4849426f1775f9886f303067e50877696fae43"
      },
      "simple-form": {
        "path": "../simple-form"
      },
      "timeago": {
        "git": "https://github.com/BeDifferential/timeago.git",
        "tag": "v0.0.3",
        "commit": "39135ea44ba69503d6b1e1e17431a57cb315cb21"
      },
      "just-i18n": {
        "git": "https://github.com/subhog/meteor-just-i18n.git",
        "tag": "v0.1.1",
        "commit": "ce88ac66c0dc107dc2da93ce152616115838101f"
      },
      "headers": {
        "git": "https://github.com/gadicohen/meteor-headers.git",
        "tag": "v0.0.13",
        "commit": "1b259f3af3df7a297584b1e2e5e89de8ad1a963a"
      },
      "underscore-string-latest": {
        "git": "https://github.com/TimHeckel/meteor-underscore-string.git",
        "tag": "v2.3.3",
        "commit": "4a5d70eee48fbd90a6e6fc78747250d704a0b3bb"
      }
    }
  }
}
