{
  "meteor": {},
  "dependencies": {
    "basePackages": {
      "iron-router": {},
      "accounts-entry": {
        "git": "git@github.com:BeDifferential/accounts-entry.git",
        "branch": "master"
      },
      "handlebars-server": {},
      "minimongoid": {},
      "simple-form": {
        "git": "git@github.com:Differential/simple-form.git",
        "branch": "master"
      },
      "timeago": {},
      "moment": {}
    },
    "packages": {
      "iron-router": {
        "git": "https://github.com/EventedMind/iron-router.git",
        "tag": "v0.7.1",
        "commit": "d1ffb3f06ea4c112132b030f2eb1a70b81675ecb"
      },
      "accounts-entry": {
        "git": "git@github.com:BeDifferential/accounts-entry.git",
        "branch": "master",
        "commit": "a6e3b502e0063774cf41084d55f411a63d59e0b7"
      },
      "handlebars-server": {
        "git": "https://github.com/EventedMind/meteor-handlebars-server.git",
        "tag": "v1.2.0",
        "commit": "1b72c4e9d82af66293e50be4516c487d15d97464"
      },
      "minimongoid": {
        "git": "https://github.com/Exygy/minimongoid.git",
        "tag": "v0.8.8",
        "commit": "cf8d0bec44934d617544965977f270f2a8cdca02"
      },
      "simple-form": {
        "git": "git@github.com:Differential/simple-form.git",
        "branch": "master",
        "commit": "71360a47bd0c039b5e775c12c8ca87ee0e44a859"
      },
      "timeago": {
        "git": "https://github.com/Differential/timeago.git",
        "tag": "v0.0.4",
        "commit": "60914e8ea3d930febc724febdf137bcd818cb49d"
      },
      "moment": {
        "git": "https://github.com/acreeger/meteor-moment.git",
        "tag": "v2.6.0",
        "commit": "26156df681750fd6e6ed77043eef32b6653ebbdf"
      },
      "blaze-layout": {
        "git": "https://github.com/EventedMind/blaze-layout.git",
        "tag": "v0.2.4",
        "commit": "b40e9b0612329288d75cf52ad14a7da64bb8618f"
      },
      "accounts-t9n": {
        "git": "https://github.com/softwarerero/meteor-accounts-t9n.git",
        "tag": "v0.0.5",
        "commit": "ad9539a8818049d5d9fa050d8b2a1f62706483b1"
      },
      "underscore-string-latest": {
        "git": "https://github.com/TimHeckel/meteor-underscore-string.git",
        "tag": "v2.3.3",
        "commit": "4a5d70eee48fbd90a6e6fc78747250d704a0b3bb"
      }
    }
  }
}
